
Microsoft Visual Studio Solution File, Format Version 12.00
# Visual Studio 15
Project("{FAE04EC0-301F-11D3-BF4B-00C04F79EFBC}") = "Assembly-CSharp", "Assembly-CSharp.csproj", "{7EBA10A5-BF71-D173-42A1-42176CF0BD22}"
EndProject
Project("{FAE04EC0-301F-11D3-BF4B-00C04F79EFBC}") = "Assembly-CSharp", "Assembly-CSharp.Player.csproj", "{D89059C5-1EA3-BF17-080E-F3699C5ACBEF}"
EndProject
Global
	GlobalSection(SolutionConfigurationPlatforms) = preSolution
		Debug|Any CPU = Debug|Any CPU
		Release|Any CPU = Release|Any CPU
	EndGlobalSection
	GlobalSection(ProjectConfigurationPlatforms) = postSolution
		{7EBA10A5-BF71-D173-42A1-42176CF0BD22}.Debug|Any CPU.ActiveCfg = Debug|Any CPU
		{7EBA10A5-BF71-D173-42A1-42176CF0BD22}.Debug|Any CPU.Build.0 = Debug|Any CPU
		{7EBA10A5-BF71-D173-42A1-42176CF0BD22}.Release|Any CPU.ActiveCfg = Release|Any CPU
		{7EBA10A5-BF71-D173-42A1-42176CF0BD22}.Release|Any CPU.Build.0 = Release|Any CPU
		{D89059C5-1EA3-BF17-080E-F3699C5ACBEF}.Debug|Any CPU.ActiveCfg = Debug|Any CPU
		{D89059C5-1EA3-BF17-080E-F3699C5ACBEF}.Debug|Any CPU.Build.0 = Debug|Any CPU
		{D89059C5-1EA3-BF17-080E-F3699C5ACBEF}.Release|Any CPU.ActiveCfg = Release|Any CPU
		{D89059C5-1EA3-BF17-080E-F3699C5ACBEF}.Release|Any CPU.Build.0 = Release|Any CPU
	EndGlobalSection
	GlobalSection(SolutionProperties) = preSolution
		HideSolutionNode = FALSE
	EndGlobalSection
EndGlobal
